
Microsoft Visual Studio Solution File, Format Version 12.00
# Visual Studio Version 17
VisualStudioVersion = 17.14.36603.0
MinimumVisualStudioVersion = 10.0.40219.1
Project("{FAE04EC0-301F-11D3-BF4B-00C04F79EFBC}") = "FootballSimulator.Core", "FootballSimulator.Core\FootballSimulator.Core.csproj", "{BABD331E-554E-44CD-9A91-627563750FE8}"
EndProject
Project("{2150E333-8FDC-42A3-9474-1A3956D46DE8}") = "1-Core", "1-Core", "{02EA681E-C7D8-13C7-8484-4AC65E1B71E8}"
EndProject
Project("{2150E333-8FDC-42A3-9474-1A3956D46DE8}") = "2-Infrastructure", "2-Infrastructure", "{6295606D-05D9-4028-9BE4-A5E2128AAFCD}"
EndProject
Project("{2150E333-8FDC-42A3-9474-1A3956D46DE8}") = "3-Application", "3-Application", "{747E7835-5C9F-433C-8C9C-CA65068F0D37}"
EndProject
Project("{2150E333-8FDC-42A3-9474-1A3956D46DE8}") = "4-Web", "4-Web", "{16E19D9D-2135-4758-9298-6938FB8C028B}"
EndProject
Project("{FAE04EC0-301F-11D3-BF4B-00C04F79EFBC}") = "Common.Core", "Common.Core\Common.Core.csproj", "{B29842E1-A82A-4010-B8E3-E0BAF4D71193}"
EndProject
Project("{FAE04EC0-301F-11D3-BF4B-00C04F79EFBC}") = "FootballSimulator.Infrastructure.Data", "FootballSimulator.Infrastructure.Data\FootballSimulator.Infrastructure.Data.csproj", "{F0401797-161F-4825-8783-F99D1E924210}"
EndProject
Project("{FAE04EC0-301F-11D3-BF4B-00C04F79EFBC}") = "Common.EntityFrameworkCore", "Common.EntityFrameworkCore\Common.EntityFrameworkCore.csproj", "{562DE1A2-F97F-44AF-BFC8-5B67AC20B47A}"
EndProject
Project("{FAE04EC0-301F-11D3-BF4B-00C04F79EFBC}") = "FootballSimulator.Application", "FootballSimulator.Application\FootballSimulator.Application.csproj", "{9B4CC51E-AEC5-413E-A7FB-D9C589F8213F}"
EndProject
Project("{FAE04EC0-301F-11D3-BF4B-00C04F79EFBC}") = "FootballSimulator.Web", "FootballSimulator.Web\FootballSimulator.Web.csproj", "{0EFA7C77-BD48-4F46-A84D-4576C4BFC8EA}"
EndProject
Project("{FAE04EC0-301F-11D3-BF4B-00C04F79EFBC}") = "Common.Configuration", "Common.Configuration\Common.Configuration.csproj", "{9A845FEC-3487-4127-A847-F860A58930D5}"
EndProject
Project("{FAE04EC0-301F-11D3-BF4B-00C04F79EFBC}") = "Common.Logging.NLog", "Common.Logging\Common.Logging.NLog.csproj", "{BBBE5FDF-2DBF-4EF0-90C7-47DC886D514F}"
EndProject
Project("{FAE04EC0-301F-11D3-BF4B-00C04F79EFBC}") = "Common.AspNetCore", "Common.AspNetCore\Common.AspNetCore.csproj", "{AF41B244-05CF-4FA1-BD69-10533274BC94}"
EndProject
Project("{FAE04EC0-301F-11D3-BF4B-00C04F79EFBC}") = "Common.Cache", "Common.Cache\Common.Cache.csproj", "{069B9976-A0AF-4ECB-A34B-EED741110FB7}"
EndProject
Project("{FAE04EC0-301F-11D3-BF4B-00C04F79EFBC}") = "Common.Serialization.JsonNET", "Common.Serialization.JsonNET\Common.Serialization.JsonNET.csproj", "{EF49EAD2-66E8-487A-B3EA-E1006200F30D}"
EndProject
Project("{FAE04EC0-301F-11D3-BF4B-00C04F79EFBC}") = "Common.Serialization.SystemTextJson", "Common.Serialization.SystemTextJson\Common.Serialization.SystemTextJson.csproj", "{554D8D66-1971-4DC1-8DED-0600D8E1EADC}"
EndProject
Project("{FAE04EC0-301F-11D3-BF4B-00C04F79EFBC}") = "Common.Data", "Common.Data\Common.Data.csproj", "{C0AF3F16-4EDF-4D76-A863-AB8C7D12658B}"
EndProject
Global
	GlobalSection(SolutionConfigurationPlatforms) = preSolution
		Debug|Any CPU = Debug|Any CPU
		Release|Any CPU = Release|Any CPU
	EndGlobalSection
	GlobalSection(ProjectConfigurationPlatforms) = postSolution
		{BABD331E-554E-44CD-9A91-627563750FE8}.Debug|Any CPU.ActiveCfg = Debug|Any CPU
		{BABD331E-554E-44CD-9A91-627563750FE8}.Debug|Any CPU.Build.0 = Debug|Any CPU
		{BABD331E-554E-44CD-9A91-627563750FE8}.Release|Any CPU.ActiveCfg = Release|Any CPU
		{BABD331E-554E-44CD-9A91-627563750FE8}.Release|Any CPU.Build.0 = Release|Any CPU
		{B29842E1-A82A-4010-B8E3-E0BAF4D71193}.Debug|Any CPU.ActiveCfg = Debug|Any CPU
		{B29842E1-A82A-4010-B8E3-E0BAF4D71193}.Debug|Any CPU.Build.0 = Debug|Any CPU
		{B29842E1-A82A-4010-B8E3-E0BAF4D71193}.Release|Any CPU.ActiveCfg = Release|Any CPU
		{B29842E1-A82A-4010-B8E3-E0BAF4D71193}.Release|Any CPU.Build.0 = Release|Any CPU
		{F0401797-161F-4825-8783-F99D1E924210}.Debug|Any CPU.ActiveCfg = Debug|Any CPU
		{F0401797-161F-4825-8783-F99D1E924210}.Debug|Any CPU.Build.0 = Debug|Any CPU
		{F0401797-161F-4825-8783-F99D1E924210}.Release|Any CPU.ActiveCfg = Release|Any CPU
		{F0401797-161F-4825-8783-F99D1E924210}.Release|Any CPU.Build.0 = Release|Any CPU
		{562DE1A2-F97F-44AF-BFC8-5B67AC20B47A}.Debug|Any CPU.ActiveCfg = Debug|Any CPU
		{562DE1A2-F97F-44AF-BFC8-5B67AC20B47A}.Debug|Any CPU.Build.0 = Debug|Any CPU
		{562DE1A2-F97F-44AF-BFC8-5B67AC20B47A}.Release|Any CPU.ActiveCfg = Release|Any CPU
		{562DE1A2-F97F-44AF-BFC8-5B67AC20B47A}.Release|Any CPU.Build.0 = Release|Any CPU
		{9B4CC51E-AEC5-413E-A7FB-D9C589F8213F}.Debug|Any CPU.ActiveCfg = Debug|Any CPU
		{9B4CC51E-AEC5-413E-A7FB-D9C589F8213F}.Debug|Any CPU.Build.0 = Debug|Any CPU
		{9B4CC51E-AEC5-413E-A7FB-D9C589F8213F}.Release|Any CPU.ActiveCfg = Release|Any CPU
		{9B4CC51E-AEC5-413E-A7FB-D9C589F8213F}.Release|Any CPU.Build.0 = Release|Any CPU
		{0EFA7C77-BD48-4F46-A84D-4576C4BFC8EA}.Debug|Any CPU.ActiveCfg = Debug|Any CPU
		{0EFA7C77-BD48-4F46-A84D-4576C4BFC8EA}.Debug|Any CPU.Build.0 = Debug|Any CPU
		{0EFA7C77-BD48-4F46-A84D-4576C4BFC8EA}.Release|Any CPU.ActiveCfg = Release|Any CPU
		{0EFA7C77-BD48-4F46-A84D-4576C4BFC8EA}.Release|Any CPU.Build.0 = Release|Any CPU
		{9A845FEC-3487-4127-A847-F860A58930D5}.Debug|Any CPU.ActiveCfg = Debug|Any CPU
		{9A845FEC-3487-4127-A847-F860A58930D5}.Debug|Any CPU.Build.0 = Debug|Any CPU
		{9A845FEC-3487-4127-A847-F860A58930D5}.Release|Any CPU.ActiveCfg = Release|Any CPU
		{9A845FEC-3487-4127-A847-F860A58930D5}.Release|Any CPU.Build.0 = Release|Any CPU
		{BBBE5FDF-2DBF-4EF0-90C7-47DC886D514F}.Debug|Any CPU.ActiveCfg = Debug|Any CPU
		{BBBE5FDF-2DBF-4EF0-90C7-47DC886D514F}.Debug|Any CPU.Build.0 = Debug|Any CPU
		{BBBE5FDF-2DBF-4EF0-90C7-47DC886D514F}.Release|Any CPU.ActiveCfg = Release|Any CPU
		{BBBE5FDF-2DBF-4EF0-90C7-47DC886D514F}.Release|Any CPU.Build.0 = Release|Any CPU
		{AF41B244-05CF-4FA1-BD69-10533274BC94}.Debug|Any CPU.ActiveCfg = Debug|Any CPU
		{AF41B244-05CF-4FA1-BD69-10533274BC94}.Debug|Any CPU.Build.0 = Debug|Any CPU
		{AF41B244-05CF-4FA1-BD69-10533274BC94}.Release|Any CPU.ActiveCfg = Release|Any CPU
		{AF41B244-05CF-4FA1-BD69-10533274BC94}.Release|Any CPU.Build.0 = Release|Any CPU
		{069B9976-A0AF-4ECB-A34B-EED741110FB7}.Debug|Any CPU.ActiveCfg = Debug|Any CPU
		{069B9976-A0AF-4ECB-A34B-EED741110FB7}.Debug|Any CPU.Build.0 = Debug|Any CPU
		{069B9976-A0AF-4ECB-A34B-EED741110FB7}.Release|Any CPU.ActiveCfg = Release|Any CPU
		{069B9976-A0AF-4ECB-A34B-EED741110FB7}.Release|Any CPU.Build.0 = Release|Any CPU
		{EF49EAD2-66E8-487A-B3EA-E1006200F30D}.Debug|Any CPU.ActiveCfg = Debug|Any CPU
		{EF49EAD2-66E8-487A-B3EA-E1006200F30D}.Debug|Any CPU.Build.0 = Debug|Any CPU
		{EF49EAD2-66E8-487A-B3EA-E1006200F30D}.Release|Any CPU.ActiveCfg = Release|Any CPU
		{EF49EAD2-66E8-487A-B3EA-E1006200F30D}.Release|Any CPU.Build.0 = Release|Any CPU
		{554D8D66-1971-4DC1-8DED-0600D8E1EADC}.Debug|Any CPU.ActiveCfg = Debug|Any CPU
		{554D8D66-1971-4DC1-8DED-0600D8E1EADC}.Debug|Any CPU.Build.0 = Debug|Any CPU
		{554D8D66-1971-4DC1-8DED-0600D8E1EADC}.Release|Any CPU.ActiveCfg = Release|Any CPU
		{554D8D66-1971-4DC1-8DED-0600D8E1EADC}.Release|Any CPU.Build.0 = Release|Any CPU
		{C0AF3F16-4EDF-4D76-A863-AB8C7D12658B}.Debug|Any CPU.ActiveCfg = Debug|Any CPU
		{C0AF3F16-4EDF-4D76-A863-AB8C7D12658B}.Debug|Any CPU.Build.0 = Debug|Any CPU
		{C0AF3F16-4EDF-4D76-A863-AB8C7D12658B}.Release|Any CPU.ActiveCfg = Release|Any CPU
		{C0AF3F16-4EDF-4D76-A863-AB8C7D12658B}.Release|Any CPU.Build.0 = Release|Any CPU
	EndGlobalSection
	GlobalSection(SolutionProperties) = preSolution
		HideSolutionNode = FALSE
	EndGlobalSection
	GlobalSection(NestedProjects) = preSolution
		{BABD331E-554E-44CD-9A91-627563750FE8} = {02EA681E-C7D8-13C7-8484-4AC65E1B71E8}
		{B29842E1-A82A-4010-B8E3-E0BAF4D71193} = {02EA681E-C7D8-13C7-8484-4AC65E1B71E8}
		{F0401797-161F-4825-8783-F99D1E924210} = {6295606D-05D9-4028-9BE4-A5E2128AAFCD}
		{562DE1A2-F97F-44AF-BFC8-5B67AC20B47A} = {6295606D-05D9-4028-9BE4-A5E2128AAFCD}
		{9B4CC51E-AEC5-413E-A7FB-D9C589F8213F} = {747E7835-5C9F-433C-8C9C-CA65068F0D37}
		{0EFA7C77-BD48-4F46-A84D-4576C4BFC8EA} = {16E19D9D-2135-4758-9298-6938FB8C028B}
		{9A845FEC-3487-4127-A847-F860A58930D5} = {747E7835-5C9F-433C-8C9C-CA65068F0D37}
		{BBBE5FDF-2DBF-4EF0-90C7-47DC886D514F} = {02EA681E-C7D8-13C7-8484-4AC65E1B71E8}
		{AF41B244-05CF-4FA1-BD69-10533274BC94} = {747E7835-5C9F-433C-8C9C-CA65068F0D37}
		{069B9976-A0AF-4ECB-A34B-EED741110FB7} = {747E7835-5C9F-433C-8C9C-CA65068F0D37}
		{EF49EAD2-66E8-487A-B3EA-E1006200F30D} = {747E7835-5C9F-433C-8C9C-CA65068F0D37}
		{554D8D66-1971-4DC1-8DED-0600D8E1EADC} = {747E7835-5C9F-433C-8C9C-CA65068F0D37}
		{C0AF3F16-4EDF-4D76-A863-AB8C7D12658B} = {6295606D-05D9-4028-9BE4-A5E2128AAFCD}
	EndGlobalSection
	GlobalSection(ExtensibilityGlobals) = postSolution
		SolutionGuid = {75DFA2AC-10A9-412A-ACD0-4AA8E0EB5829}
	EndGlobalSection
EndGlobal
